
Microsoft Visual Studio Solution File, Format Version 12.00
Project("{FAE04EC0-301F-11D3-BF4B-00C04F79EFBC}") = "AddTwoNumbers", "..\AddTwoNumbers\AddTwoNumbers.csproj", "{00CD5A39-6058-4B4D-A239-8A538BAEF21C}"
EndProject
Project("{FAE04EC0-301F-11D3-BF4B-00C04F79EFBC}") = "FindMedianSortedArrays", "..\FindMedianSortedArrays\FindMedianSortedArrays.csproj", "{B7A4693F-F222-45BE-A33B-80AEB193A559}"
EndProject
Project("{FAE04EC0-301F-11D3-BF4B-00C04F79EFBC}") = "LengthOfLongestSubstring", "..\LengthOfLongestSubstring\LengthOfLongestSubstring.csproj", "{A9782A02-B7A1-432F-B3C9-06A9A7B7F307}"
EndProject
Project("{FAE04EC0-301F-11D3-BF4B-00C04F79EFBC}") = "palindromic-substring", "..\longest-palindromic-substring\palindromic-substring\palindromic-substring.csproj", "{3EAA794A-D87A-430F-9855-62BBB2A73096}"
EndProject
Project("{FAE04EC0-301F-11D3-BF4B-00C04F79EFBC}") = "TwoSum", "..\TwoSum\TwoSum\TwoSum.csproj", "{CD8B5D69-D7AC-43F2-A0D8-1756AA4753AF}"
EndProject
Project("{FAE04EC0-301F-11D3-BF4B-00C04F79EFBC}") = "zigzag-conversion", "zigzag-conversion\zigzag-conversion.csproj", "{E05B3632-D885-4C6F-AEDE-D3534A1A235A}"
EndProject
Project("{FAE04EC0-301F-11D3-BF4B-00C04F79EFBC}") = "ReverseInteger", "ReverseInteger\ReverseInteger.csproj", "{BF7B39A2-BAC8-411A-A597-02CFCB078472}"
EndProject
Project("{FAE04EC0-301F-11D3-BF4B-00C04F79EFBC}") = "MyAtio", "MyAtio\MyAtio.csproj", "{37D812B3-DCCE-447A-A9A7-F5CB66CD0AA0}"
EndProject
Project("{FAE04EC0-301F-11D3-BF4B-00C04F79EFBC}") = "PalindromeNumber", "PalindromeNumber\PalindromeNumber.csproj", "{62053D92-A69D-4F54-8309-C1F9706592C2}"
EndProject
Project("{FAE04EC0-301F-11D3-BF4B-00C04F79EFBC}") = "ContainerWithMostWater", "ContainerWithMostWater\ContainerWithMostWater.csproj", "{B4D04FC9-0993-48AB-B475-847D9031C403}"
EndProject
Project("{FAE04EC0-301F-11D3-BF4B-00C04F79EFBC}") = "IntegerToRoman", "IntegerToRoman\IntegerToRoman.csproj", "{E2C5B8C5-745A-4F56-B8D2-BDA035E3942E}"
EndProject
Project("{FAE04EC0-301F-11D3-BF4B-00C04F79EFBC}") = "LongestCommonPrefix", "LongestCommonPrefix\LongestCommonPrefix.csproj", "{39072298-D5A9-4296-9B7E-48648A3B8E03}"
EndProject
Project("{FAE04EC0-301F-11D3-BF4B-00C04F79EFBC}") = "ThreeSum", "ThreeSum\ThreeSum.csproj", "{679EE76B-E3DF-4EEF-8B5C-018116E6D696}"
EndProject
Global
	GlobalSection(SolutionConfigurationPlatforms) = preSolution
		Debug|Any CPU = Debug|Any CPU
		Release|Any CPU = Release|Any CPU
	EndGlobalSection
	GlobalSection(ProjectConfigurationPlatforms) = postSolution
		{00CD5A39-6058-4B4D-A239-8A538BAEF21C}.Debug|Any CPU.ActiveCfg = Debug|Any CPU
		{00CD5A39-6058-4B4D-A239-8A538BAEF21C}.Debug|Any CPU.Build.0 = Debug|Any CPU
		{00CD5A39-6058-4B4D-A239-8A538BAEF21C}.Release|Any CPU.ActiveCfg = Release|Any CPU
		{00CD5A39-6058-4B4D-A239-8A538BAEF21C}.Release|Any CPU.Build.0 = Release|Any CPU
		{B7A4693F-F222-45BE-A33B-80AEB193A559}.Debug|Any CPU.ActiveCfg = Debug|Any CPU
		{B7A4693F-F222-45BE-A33B-80AEB193A559}.Debug|Any CPU.Build.0 = Debug|Any CPU
		{B7A4693F-F222-45BE-A33B-80AEB193A559}.Release|Any CPU.ActiveCfg = Release|Any CPU
		{B7A4693F-F222-45BE-A33B-80AEB193A559}.Release|Any CPU.Build.0 = Release|Any CPU
		{A9782A02-B7A1-432F-B3C9-06A9A7B7F307}.Debug|Any CPU.ActiveCfg = Debug|Any CPU
		{A9782A02-B7A1-432F-B3C9-06A9A7B7F307}.Debug|Any CPU.Build.0 = Debug|Any CPU
		{A9782A02-B7A1-432F-B3C9-06A9A7B7F307}.Release|Any CPU.ActiveCfg = Release|Any CPU
		{A9782A02-B7A1-432F-B3C9-06A9A7B7F307}.Release|Any CPU.Build.0 = Release|Any CPU
		{3EAA794A-D87A-430F-9855-62BBB2A73096}.Debug|Any CPU.ActiveCfg = Debug|Any CPU
		{3EAA794A-D87A-430F-9855-62BBB2A73096}.Debug|Any CPU.Build.0 = Debug|Any CPU
		{3EAA794A-D87A-430F-9855-62BBB2A73096}.Release|Any CPU.ActiveCfg = Release|Any CPU
		{3EAA794A-D87A-430F-9855-62BBB2A73096}.Release|Any CPU.Build.0 = Release|Any CPU
		{CD8B5D69-D7AC-43F2-A0D8-1756AA4753AF}.Debug|Any CPU.ActiveCfg = Debug|Any CPU
		{CD8B5D69-D7AC-43F2-A0D8-1756AA4753AF}.Debug|Any CPU.Build.0 = Debug|Any CPU
		{CD8B5D69-D7AC-43F2-A0D8-1756AA4753AF}.Release|Any CPU.ActiveCfg = Release|Any CPU
		{CD8B5D69-D7AC-43F2-A0D8-1756AA4753AF}.Release|Any CPU.Build.0 = Release|Any CPU
		{E05B3632-D885-4C6F-AEDE-D3534A1A235A}.Debug|Any CPU.ActiveCfg = Debug|Any CPU
		{E05B3632-D885-4C6F-AEDE-D3534A1A235A}.Debug|Any CPU.Build.0 = Debug|Any CPU
		{E05B3632-D885-4C6F-AEDE-D3534A1A235A}.Release|Any CPU.ActiveCfg = Release|Any CPU
		{E05B3632-D885-4C6F-AEDE-D3534A1A235A}.Release|Any CPU.Build.0 = Release|Any CPU
		{BF7B39A2-BAC8-411A-A597-02CFCB078472}.Debug|Any CPU.ActiveCfg = Debug|Any CPU
		{BF7B39A2-BAC8-411A-A597-02CFCB078472}.Debug|Any CPU.Build.0 = Debug|Any CPU
		{BF7B39A2-BAC8-411A-A597-02CFCB078472}.Release|Any CPU.ActiveCfg = Release|Any CPU
		{BF7B39A2-BAC8-411A-A597-02CFCB078472}.Release|Any CPU.Build.0 = Release|Any CPU
		{37D812B3-DCCE-447A-A9A7-F5CB66CD0AA0}.Debug|Any CPU.ActiveCfg = Debug|Any CPU
		{37D812B3-DCCE-447A-A9A7-F5CB66CD0AA0}.Debug|Any CPU.Build.0 = Debug|Any CPU
		{37D812B3-DCCE-447A-A9A7-F5CB66CD0AA0}.Release|Any CPU.ActiveCfg = Release|Any CPU
		{37D812B3-DCCE-447A-A9A7-F5CB66CD0AA0}.Release|Any CPU.Build.0 = Release|Any CPU
		{62053D92-A69D-4F54-8309-C1F9706592C2}.Debug|Any CPU.ActiveCfg = Debug|Any CPU
		{62053D92-A69D-4F54-8309-C1F9706592C2}.Debug|Any CPU.Build.0 = Debug|Any CPU
		{62053D92-A69D-4F54-8309-C1F9706592C2}.Release|Any CPU.ActiveCfg = Release|Any CPU
		{62053D92-A69D-4F54-8309-C1F9706592C2}.Release|Any CPU.Build.0 = Release|Any CPU
		{B4D04FC9-0993-48AB-B475-847D9031C403}.Debug|Any CPU.ActiveCfg = Debug|Any CPU
		{B4D04FC9-0993-48AB-B475-847D9031C403}.Debug|Any CPU.Build.0 = Debug|Any CPU
		{B4D04FC9-0993-48AB-B475-847D9031C403}.Release|Any CPU.ActiveCfg = Release|Any CPU
		{B4D04FC9-0993-48AB-B475-847D9031C403}.Release|Any CPU.Build.0 = Release|Any CPU
		{E2C5B8C5-745A-4F56-B8D2-BDA035E3942E}.Debug|Any CPU.ActiveCfg = Debug|Any CPU
		{E2C5B8C5-745A-4F56-B8D2-BDA035E3942E}.Debug|Any CPU.Build.0 = Debug|Any CPU
		{E2C5B8C5-745A-4F56-B8D2-BDA035E3942E}.Release|Any CPU.ActiveCfg = Release|Any CPU
		{E2C5B8C5-745A-4F56-B8D2-BDA035E3942E}.Release|Any CPU.Build.0 = Release|Any CPU
		{39072298-D5A9-4296-9B7E-48648A3B8E03}.Debug|Any CPU.ActiveCfg = Debug|Any CPU
		{39072298-D5A9-4296-9B7E-48648A3B8E03}.Debug|Any CPU.Build.0 = Debug|Any CPU
		{39072298-D5A9-4296-9B7E-48648A3B8E03}.Release|Any CPU.ActiveCfg = Release|Any CPU
		{39072298-D5A9-4296-9B7E-48648A3B8E03}.Release|Any CPU.Build.0 = Release|Any CPU
		{679EE76B-E3DF-4EEF-8B5C-018116E6D696}.Debug|Any CPU.ActiveCfg = Debug|Any CPU
		{679EE76B-E3DF-4EEF-8B5C-018116E6D696}.Debug|Any CPU.Build.0 = Debug|Any CPU
		{679EE76B-E3DF-4EEF-8B5C-018116E6D696}.Release|Any CPU.ActiveCfg = Release|Any CPU
		{679EE76B-E3DF-4EEF-8B5C-018116E6D696}.Release|Any CPU.Build.0 = Release|Any CPU
	EndGlobalSection
EndGlobal
